
Microsoft Visual Studio Solution File, Format Version 12.00
# Visual Studio 15
Project("{FAE04EC0-301F-11D3-BF4B-00C04F79EFBC}") = "VuforiaScripts", "VuforiaScripts.csproj", "{D1AA113E-F976-FA10-2575-BFF6A249868E}"
EndProject
Project("{FAE04EC0-301F-11D3-BF4B-00C04F79EFBC}") = "Assembly-CSharp", "Assembly-CSharp.csproj", "{E73B9E96-31A4-34D4-9FB7-F84D986592F7}"
EndProject
Project("{FAE04EC0-301F-11D3-BF4B-00C04F79EFBC}") = "VuforiaEditorScripts", "VuforiaEditorScripts.csproj", "{943A1A0A-5871-F4AC-223A-10BE25501508}"
EndProject
Global
	GlobalSection(SolutionConfigurationPlatforms) = preSolution
		Debug|Any CPU = Debug|Any CPU
		Release|Any CPU = Release|Any CPU
	EndGlobalSection
	GlobalSection(ProjectConfigurationPlatforms) = postSolution
		{D1AA113E-F976-FA10-2575-BFF6A249868E}.Debug|Any CPU.ActiveCfg = Debug|Any CPU
		{D1AA113E-F976-FA10-2575-BFF6A249868E}.Debug|Any CPU.Build.0 = Debug|Any CPU
		{D1AA113E-F976-FA10-2575-BFF6A249868E}.Release|Any CPU.ActiveCfg = Release|Any CPU
		{D1AA113E-F976-FA10-2575-BFF6A249868E}.Release|Any CPU.Build.0 = Release|Any CPU
		{E73B9E96-31A4-34D4-9FB7-F84D986592F7}.Debug|Any CPU.ActiveCfg = Debug|Any CPU
		{E73B9E96-31A4-34D4-9FB7-F84D986592F7}.Debug|Any CPU.Build.0 = Debug|Any CPU
		{E73B9E96-31A4-34D4-9FB7-F84D986592F7}.Release|Any CPU.ActiveCfg = Release|Any CPU
		{E73B9E96-31A4-34D4-9FB7-F84D986592F7}.Release|Any CPU.Build.0 = Release|Any CPU
		{943A1A0A-5871-F4AC-223A-10BE25501508}.Debug|Any CPU.ActiveCfg = Debug|Any CPU
		{943A1A0A-5871-F4AC-223A-10BE25501508}.Debug|Any CPU.Build.0 = Debug|Any CPU
		{943A1A0A-5871-F4AC-223A-10BE25501508}.Release|Any CPU.ActiveCfg = Release|Any CPU
		{943A1A0A-5871-F4AC-223A-10BE25501508}.Release|Any CPU.Build.0 = Release|Any CPU
	EndGlobalSection
	GlobalSection(SolutionProperties) = preSolution
		HideSolutionNode = FALSE
	EndGlobalSection
EndGlobal
